


Microsoft Visual Studio Solution File, Format Version 12.00
Project("{FAE04EC0-301F-11D3-BF4B-00C04F79EFBC}") = "Nsu.HackathonEveryone", "Nsu.HackathonEveryone\Nsu.HackathonEveryone.csproj", "{2CEA2E00-EC79-4E07-8CBF-814635A59A88}"
EndProject
Project("{FAE04EC0-301F-11D3-BF4B-00C04F79EFBC}") = "Nsu.HackathonContract", "Nsu.HackathonContract\Nsu.HackathonContract.csproj", "{A031556E-188B-4126-BC62-F32F68906980}"
EndProject
Project("{FAE04EC0-301F-11D3-BF4B-00C04F79EFBC}") = "Nsu.HrManager", "Nsu.HrManager\Nsu.HrManager.csproj", "{829AC5C5-63FD-481E-8D27-67E86DF82B1D}"
EndProject
Project("{FAE04EC0-301F-11D3-BF4B-00C04F79EFBC}") = "Nsu.HrDirector", "Nsu.HrDirector\Nsu.HrDirector.csproj", "{22DF7864-2EE7-4AEB-AF09-6E60FDD68F30}"
EndProject
Project("{FAE04EC0-301F-11D3-BF4B-00C04F79EFBC}") = "Nsu.HackathonStrategy", "Nsu.HackathonStrategy\Nsu.HackathonStrategy.csproj", "{DABCDA9D-C92E-4ACF-8C38-5BD7C6E9560D}"
EndProject
Project("{FAE04EC0-301F-11D3-BF4B-00C04F79EFBC}") = "Nsu.Hackathon", "Nsu.Hackathon\Nsu.Hackathon.csproj", "{0254F306-B7CE-422B-938E-D9A393709EBA}"
EndProject
Global
	GlobalSection(SolutionConfigurationPlatforms) = preSolution
		Debug|Any CPU = Debug|Any CPU
		Release|Any CPU = Release|Any CPU
	EndGlobalSection
	GlobalSection(ProjectConfigurationPlatforms) = postSolution
		{2CEA2E00-EC79-4E07-8CBF-814635A59A88}.Debug|Any CPU.ActiveCfg = Debug|Any CPU
		{2CEA2E00-EC79-4E07-8CBF-814635A59A88}.Debug|Any CPU.Build.0 = Debug|Any CPU
		{2CEA2E00-EC79-4E07-8CBF-814635A59A88}.Release|Any CPU.ActiveCfg = Release|Any CPU
		{2CEA2E00-EC79-4E07-8CBF-814635A59A88}.Release|Any CPU.Build.0 = Release|Any CPU
		{A031556E-188B-4126-BC62-F32F68906980}.Debug|Any CPU.ActiveCfg = Debug|Any CPU
		{A031556E-188B-4126-BC62-F32F68906980}.Debug|Any CPU.Build.0 = Debug|Any CPU
		{A031556E-188B-4126-BC62-F32F68906980}.Release|Any CPU.ActiveCfg = Release|Any CPU
		{A031556E-188B-4126-BC62-F32F68906980}.Release|Any CPU.Build.0 = Release|Any CPU
		{829AC5C5-63FD-481E-8D27-67E86DF82B1D}.Debug|Any CPU.ActiveCfg = Debug|Any CPU
		{829AC5C5-63FD-481E-8D27-67E86DF82B1D}.Debug|Any CPU.Build.0 = Debug|Any CPU
		{829AC5C5-63FD-481E-8D27-67E86DF82B1D}.Release|Any CPU.ActiveCfg = Release|Any CPU
		{829AC5C5-63FD-481E-8D27-67E86DF82B1D}.Release|Any CPU.Build.0 = Release|Any CPU
		{22DF7864-2EE7-4AEB-AF09-6E60FDD68F30}.Debug|Any CPU.ActiveCfg = Debug|Any CPU
		{22DF7864-2EE7-4AEB-AF09-6E60FDD68F30}.Debug|Any CPU.Build.0 = Debug|Any CPU
		{22DF7864-2EE7-4AEB-AF09-6E60FDD68F30}.Release|Any CPU.ActiveCfg = Release|Any CPU
		{22DF7864-2EE7-4AEB-AF09-6E60FDD68F30}.Release|Any CPU.Build.0 = Release|Any CPU
		{DABCDA9D-C92E-4ACF-8C38-5BD7C6E9560D}.Debug|Any CPU.ActiveCfg = Debug|Any CPU
		{DABCDA9D-C92E-4ACF-8C38-5BD7C6E9560D}.Debug|Any CPU.Build.0 = Debug|Any CPU
		{DABCDA9D-C92E-4ACF-8C38-5BD7C6E9560D}.Release|Any CPU.ActiveCfg = Release|Any CPU
		{DABCDA9D-C92E-4ACF-8C38-5BD7C6E9560D}.Release|Any CPU.Build.0 = Release|Any CPU
		{0254F306-B7CE-422B-938E-D9A393709EBA}.Debug|Any CPU.ActiveCfg = Debug|Any CPU
		{0254F306-B7CE-422B-938E-D9A393709EBA}.Debug|Any CPU.Build.0 = Debug|Any CPU
		{0254F306-B7CE-422B-938E-D9A393709EBA}.Release|Any CPU.ActiveCfg = Release|Any CPU
		{0254F306-B7CE-422B-938E-D9A393709EBA}.Release|Any CPU.Build.0 = Release|Any CPU
	EndGlobalSection
EndGlobal
